name: flaky-lock

# fork only (28/09/2026): repeat the lock-path docker tests to measure how often each fails.
# 02/10/2026: clippy on the crates the fork patches (the workspace run stops at upstream's
# monero-wallet-ng lints, so ours were never linted), and our own test 5 more times.
on:
  push:
    branches:
      - "ci/hot8-4150-flaky"

jobs:
  clippy_ours:
    runs-on: ubuntu-22.04
    steps:
      - uses: actions/checkout@v4

      - name: Setup build environment (cli tools, dependencies)
        uses: ./.github/actions/setup-build-environment
        with:
          host: ubuntu-22.04

      - name: Clippy on swap, swap-feed, swap-p2p, swap-asb, monero-sys (no deps)
        run: bash .github/scripts/annotate.sh cargo clippy -p swap -p swap-feed -p swap-p2p -p swap-asb -p monero-sys --all-targets --no-deps -- -D warnings

  repeat:
    strategy:
      fail-fast: false
      matrix:
        test_name:
          - concurrent_bobs_insufficient_xmr
        rep: [1, 2, 3, 4, 5]
    runs-on: ubuntu-22.04
    steps:
      - uses: actions/checkout@v4

      - name: Setup build environment (cli tools, dependencies)
        uses: ./.github/actions/setup-build-environment
        with:
          host: ubuntu-22.04

      - name: Run ${{ matrix.test_name }} (rep ${{ matrix.rep }})
        run: bash .github/scripts/annotate.sh timeout -s INT -k 120 3600 cargo test --package swap --test ${{ matrix.test_name }} -- --nocapture
